
Microsoft Visual Studio Solution File, Format Version 12.00
# Visual Studio 14
VisualStudioVersion = 14.0.25420.1
MinimumVisualStudioVersion = 10.0.40219.1
Project("{FAE04EC0-301F-11D3-BF4B-00C04F79EFBC}") = "Meteor", "Meteor\Meteor.csproj", "{2C5E5DC2-4848-4F25-812C-5C7B27283029}"
EndProject
Project("{54435603-DBB4-11D2-8724-00A0C9A8B90C}") = "MeteorSetup", "MeteorSetup\MeteorSetup.vdproj", "{9920C472-5559-424A-AC2A-60F6520DA2F6}"
EndProject
Project("{FAE04EC0-301F-11D3-BF4B-00C04F79EFBC}") = "Meteor Updater", "Meteor Updater\Meteor Updater.csproj", "{F0FA309A-152F-4D2E-A7EE-2D3EE14C0D92}"
EndProject
Global
	GlobalSection(SolutionConfigurationPlatforms) = preSolution
		Debug|Any CPU = Debug|Any CPU
		MSL Download|Any CPU = MSL Download|Any CPU
		Release|Any CPU = Release|Any CPU
	EndGlobalSection
	GlobalSection(ProjectConfigurationPlatforms) = postSolution
		{2C5E5DC2-4848-4F25-812C-5C7B27283029}.Debug|Any CPU.ActiveCfg = Debug|Any CPU
		{2C5E5DC2-4848-4F25-812C-5C7B27283029}.Debug|Any CPU.Build.0 = Debug|Any CPU
		{2C5E5DC2-4848-4F25-812C-5C7B27283029}.MSL Download|Any CPU.ActiveCfg = MSL Download|Any CPU
		{2C5E5DC2-4848-4F25-812C-5C7B27283029}.MSL Download|Any CPU.Build.0 = MSL Download|Any CPU
		{2C5E5DC2-4848-4F25-812C-5C7B27283029}.Release|Any CPU.ActiveCfg = Release|Any CPU
		{2C5E5DC2-4848-4F25-812C-5C7B27283029}.Release|Any CPU.Build.0 = Release|Any CPU
		{9920C472-5559-424A-AC2A-60F6520DA2F6}.Debug|Any CPU.ActiveCfg = Debug
		{9920C472-5559-424A-AC2A-60F6520DA2F6}.MSL Download|Any CPU.ActiveCfg = MSL Download
		{9920C472-5559-424A-AC2A-60F6520DA2F6}.Release|Any CPU.ActiveCfg = Release
		{F0FA309A-152F-4D2E-A7EE-2D3EE14C0D92}.Debug|Any CPU.ActiveCfg = Debug|Any CPU
		{F0FA309A-152F-4D2E-A7EE-2D3EE14C0D92}.Debug|Any CPU.Build.0 = Debug|Any CPU
		{F0FA309A-152F-4D2E-A7EE-2D3EE14C0D92}.MSL Download|Any CPU.ActiveCfg = MSL Download|Any CPU
		{F0FA309A-152F-4D2E-A7EE-2D3EE14C0D92}.MSL Download|Any CPU.Build.0 = MSL Download|Any CPU
		{F0FA309A-152F-4D2E-A7EE-2D3EE14C0D92}.Release|Any CPU.ActiveCfg = Release|Any CPU
		{F0FA309A-152F-4D2E-A7EE-2D3EE14C0D92}.Release|Any CPU.Build.0 = Release|Any CPU
	EndGlobalSection
	GlobalSection(SolutionProperties) = preSolution
		HideSolutionNode = FALSE
	EndGlobalSection
EndGlobal
